// !$*UTF8*$!
{
	archiveVersion = 1;
	classes = {
	};
	objectVersion = 55;
	objects = {

/* Begin PBXBuildFile section */
		8374A9C2292DC66D00E987C6 /* AppDelegate.swift in Sources */ = {isa = PBXBuildFile; fileRef = 8374A9C1292DC66D00E987C6 /* AppDelegate.swift */; };
		8374A9C4292DC66D00E987C6 /* SceneDelegate.swift in Sources */ = {isa = PBXBuildFile; fileRef = 8374A9C3292DC66D00E987C6 /* SceneDelegate.swift */; };
		8374A9C6292DC66D00E987C6 /* ViewController.swift in Sources */ = {isa = PBXBuildFile; fileRef = 8374A9C5292DC66D00E987C6 /* ViewController.swift */; };
		8374A9C9292DC66D00E987C6 /* Main.storyboard in Resources */ = {isa = PBXBuildFile; fileRef = 8374A9C7292DC66D00E987C6 /* Main.storyboard */; };
		8374A9CB292DC67500E987C6 /* Assets.xcassets in Resources */ = {isa = PBXBuildFile; fileRef = 8374A9CA292DC67500E987C6 /* Assets.xcassets */; };
		8374A9CE292DC67500E987C6 /* LaunchScreen.storyboard in Resources */ = {isa = PBXBuildFile; fileRef = 8374A9CC292DC67500E987C6 /* LaunchScreen.storyboard */; };
		8374A9D7292DC86400E987C6 /* CoreMotion.framework in Frameworks */ = {isa = PBXBuildFile; fileRef = 8374A9D6292DC86400E987C6 /* CoreMotion.framework */; };
		8374A9D9292DC87A00E987C6 /* Messages.framework in Frameworks */ = {isa = PBXBuildFile; fileRef = 8374A9D8292DC87A00E987C6 /* Messages.framework */; };
		8374A9DB292DC88000E987C6 /* MessageUI.framework in Frameworks */ = {isa = PBXBuildFile; fileRef = 8374A9DA292DC88000E987C6 /* MessageUI.framework */; };
		8374A9DD292DD27A00E987C6 /* AVFoundation.framework in Frameworks */ = {isa = PBXBuildFile; fileRef = 8374A9DC292DD27A00E987C6 /* AVFoundation.framework */; };
		8374A9DF292DD43400E987C6 /* loud_bang.mp3 in Resources */ = {isa = PBXBuildFile; fileRef = 8374A9DE292DD43400E987C6 /* loud_bang.mp3 */; };
/* End PBXBuildFile section */

/* Begin PBXFileReference section */
		8374A9BE292DC66D00E987C6 /* bang.app */ = {isa = PBXFileReference; explicitFileType = wrapper.application; includeInIndex = 0; path = bang.app; sourceTree = BUILT_PRODUCTS_DIR; };
		8374A9C1292DC66D00E987C6 /* AppDelegate.swift */ = {isa = PBXFileReference; lastKnownFileType = sourcecode.swift; path = AppDelegate.swift; sourceTree = "<group>"; };
		8374A9C3292DC66D00E987C6 /* SceneDelegate.swift */ = {isa = PBXFileReference; lastKnownFileType = sourcecode.swift; path = SceneDelegate.swift; sourceTree = "<group>"; };
		8374A9C5292DC66D00E987C6 /* ViewController.swift */ = {isa = PBXFileReference; lastKnownFileType = sourcecode.swift; path = ViewController.swift; sourceTree = "<group>"; };
		8374A9C8292DC66D00E987C6 /* Base */ = {isa = PBXFileReference; lastKnownFileType = file.storyboard; name = Base; path = Base.lproj/Main.storyboard; sourceTree = "<group>"; };
		8374A9CA292DC67500E987C6 /* Assets.xcassets */ = {isa = PBXFileReference; lastKnownFileType = folder.assetcatalog; path = Assets.xcassets; sourceTree = "<group>"; };
		8374A9CD292DC67500E987C6 /* Base */ = {isa = PBXFileReference; lastKnownFileType = file.storyboard; name = Base; path = Base.lproj/LaunchScreen.storyboard; sourceTree = "<group>"; };
		8374A9CF292DC67500E987C6 /* Info.plist */ = {isa = PBXFileReference; lastKnownFileType = text.plist.xml; path = Info.plist; sourceTree = "<group>"; };
		8374A9D6292DC86400E987C6 /* CoreMotion.framework */ = {isa = PBXFileReference; lastKnownFileType = wrapper.framework; name = CoreMotion.framework; path = System/Library/Frameworks/CoreMotion.framework; sourceTree = SDKROOT; };
		8374A9D8292DC87A00E987C6 /* Messages.framework */ = {isa = PBXFileReference; lastKnownFileType = wrapper.framework; name = Messages.framework; path = System/Library/Frameworks/Messages.framework; sourceTree = SDKROOT; };
		8374A9DA292DC88000E987C6 /* MessageUI.framework */ = {isa = PBXFileReference; lastKnownFileType = wrapper.framework; name = MessageUI.framework; path = System/Library/Frameworks/MessageUI.framework; sourceTree = SDKROOT; };
		8374A9DC292DD27A00E987C6 /* AVFoundation.framework */ = {isa = PBXFileReference; lastKnownFileType = wrapper.framework; name = AVFoundation.framework; path = System/Library/Frameworks/AVFoundation.framework; sourceTree = SDKROOT; };
		8374A9DE292DD43400E987C6 /* loud_bang.mp3 */ = {isa = PBXFileReference; lastKnownFileType = audio.mp3; path = loud_bang.mp3; sourceTree = "<group>"; };
/* End PBXFileReference section */

/* Begin PBXFrameworksBuildPhase section */
		8374A9BB292DC66D00E987C6 /* Frameworks */ = {
			isa = PBXFrameworksBuildPhase;
			buildActionMask = 2147483647;
			files = (
				8374A9DD292DD27A00E987C6 /* AVFoundation.framework in Frameworks */,
				8374A9D9292DC87A00E987C6 /* Messages.framework in Frameworks */,
				8374A9D7292DC86400E987C6 /* CoreMotion.framework in Frameworks */,
				8374A9DB292DC88000E987C6 /* MessageUI.framework in Frameworks */,
			);
			runOnlyForDeploymentPostprocessing = 0;
		};
/* End PBXFrameworksBuildPhase section */

/* Begin PBXGroup section */
		8374A9B5292DC66D00E987C6 = {
			isa = PBXGroup;
			children = (
				8374A9C0292DC66D00E987C6 /* bang */,
				8374A9BF292DC66D00E987C6 /* Products */,
				8374A9D5292DC86300E987C6 /* Frameworks */,
			);
			sourceTree = "<group>";
		};
		8374A9BF292DC66D00E987C6 /* Products */ = {
			isa = PBXGroup;
			children = (
				8374A9BE292DC66D00E987C6 /* bang.app */,
			);
			name = Products;
			sourceTree = "<group>";
		};
		8374A9C0292DC66D00E987C6 /* bang */ = {
			isa = PBXGroup;
			children = (
				8374A9C1292DC66D00E987C6 /* AppDelegate.swift */,
				8374A9C3292DC66D00E987C6 /* SceneDelegate.swift */,
				8374A9C5292DC66D00E987C6 /* ViewController.swift */,
				8374A9C7292DC66D00E987C6 /* Main.storyboard */,
				8374A9CA292DC67500E987C6 /* Assets.xcassets */,
				8374A9CC292DC67500E987C6 /* LaunchScreen.storyboard */,
				8374A9DE292DD43400E987C6 /* loud_bang.mp3 */,
				8374A9CF292DC67500E987C6 /* Info.plist */,
			);
			path = bang;
			sourceTree = "<group>";
		};
		8374A9D5292DC86300E987C6 /* Frameworks */ = {
			isa = PBXGroup;
			children = (
				8374A9DC292DD27A00E987C6 /* AVFoundation.framework */,
				8374A9DA292DC88000E987C6 /* MessageUI.framework */,
				8374A9D8292DC87A00E987C6 /* Messages.framework */,
				8374A9D6292DC86400E987C6 /* CoreMotion.framework */,
			);
			name = Frameworks;
			sourceTree = "<group>";
		};
/* End PBXGroup section */

/* Begin PBXNativeTarget section */
		8374A9BD292DC66D00E987C6 /* bang */ = {
			isa = PBXNativeTarget;
			buildConfigurationList = 8374A9D2292DC67500E987C6 /* Build configuration list for PBXNativeTarget "bang" */;
			buildPhases = (
				8374A9BA292DC66D00E987C6 /* Sources */,
				8374A9BB292DC66D00E987C6 /* Frameworks */,
				8374A9BC292DC66D00E987C6 /* Resources */,
			);
			buildRules = (
			);
			dependencies = (
			);
			name = bang;
			productName = bang;
			productReference = 8374A9BE292DC66D00E987C6 /* bang.app */;
			productType = "com.apple.product-type.application";
		};
/* End PBXNativeTarget section */

/* Begin PBXProject section */
		8374A9B6292DC66D00E987C6 /* Project object */ = {
			isa = PBXProject;
			attributes = {
				BuildIndependentTargetsInParallel = 1;
				LastSwiftUpdateCheck = 1340;
				LastUpgradeCheck = 1340;
				TargetAttributes = {
					8374A9BD292DC66D00E987C6 = {
						CreatedOnToolsVersion = 13.4.1;
					};
				};
			};
			buildConfigurationList = 8374A9B9292DC66D00E987C6 /* Build configuration list for PBXProject "bang" */;
			compatibilityVersion = "Xcode 13.0";
			developmentRegion = en;
			hasScannedForEncodings = 0;
			knownRegions = (
				en,
				Base,
			);
			mainGroup = 8374A9B5292DC66D00E987C6;
			productRefGroup = 8374A9BF292DC66D00E987C6 /* Products */;
			projectDirPath = "";
			projectRoot = "";
			targets = (
				8374A9BD292DC66D00E987C6 /* bang */,
			);
		};
/* End PBXProject section */

/* Begin PBXResourcesBuildPhase section */
		8374A9BC292DC66D00E987C6 /* Resources */ = {
			isa = PBXResourcesBuildPhase;
			buildActionMask = 2147483647;
			files = (
				8374A9CE292DC67500E987C6 /* LaunchScreen.storyboard in Resources */,
				8374A9CB292DC67500E987C6 /* Assets.xcassets in Resources */,
				8374A9DF292DD43400E987C6 /* loud_bang.mp3 in Resources */,
				8374A9C9292DC66D00E987C6 /* Main.storyboard in Resources */,
			);
			runOnlyForDeploymentPostprocessing = 0;
		};
/* End PBXResourcesBuildPhase section */

/* Begin PBXSourcesBuildPhase section */
		8374A9BA292DC66D00E987C6 /* Sources */ = {
			isa = PBXSourcesBuildPhase;
			buildActionMask = 2147483647;
			files = (
				8374A9C6292DC66D00E987C6 /* ViewController.swift in Sources */,
				8374A9C2292DC66D00E987C6 /* AppDelegate.swift in Sources */,
				8374A9C4292DC66D00E987C6 /* SceneDelegate.swift in Sources */,
			);
			runOnlyForDeploymentPostprocessing = 0;
		};
/* End PBXSourcesBuildPhase section */

/* Begin PBXVariantGroup section */
		8374A9C7292DC66D00E987C6 /* Main.storyboard */ = {
			isa = PBXVariantGroup;
			children = (
				8374A9C8292DC66D00E987C6 /* Base */,
			);
			name = Main.storyboard;
			sourceTree = "<group>";
		};
		8374A9CC292DC67500E987C6 /* LaunchScreen.storyboard */ = {
			isa = PBXVariantGroup;
			children = (
				8374A9CD292DC67500E987C6 /* Base */,
			);
			name = LaunchScreen.storyboard;
			sourceTree = "<group>";
		};
/* End PBXVariantGroup section */

/* Begin XCBuildConfiguration section */
		8374A9D0292DC67500E987C6 /* Debug */ = {
			isa = XCBuildConfiguration;
			buildSettings = {
				ALWAYS_SEARCH_USER_PATHS = NO;
				CLANG_ANALYZER_NONNULL = YES;
				CLANG_ANALYZER_NUMBER_OBJECT_CONVERSION = YES_AGGRESSIVE;
				CLANG_CXX_LANGUAGE_STANDARD = "gnu++17";
				CLANG_ENABLE_MODULES = YES;
				CLANG_ENABLE_OBJC_ARC = YES;
				CLANG_ENABLE_OBJC_WEAK = YES;
				CLANG_WARN_BLOCK_CAPTURE_AUTORELEASING = YES;
				CLANG_WARN_BOOL_CONVERSION = YES;
				CLANG_WARN_COMMA = YES;
				CLANG_WARN_CONSTANT_CONVERSION = YES;
				CLANG_WARN_DEPRECATED_OBJC_IMPLEMENTATIONS = YES;
				CLANG_WARN_DIRECT_OBJC_ISA_USAGE = YES_ERROR;
				CLANG_WARN_DOCUMENTATION_COMMENTS = YES;
				CLANG_WARN_EMPTY_BODY = YES;
				CLANG_WARN_ENUM_CONVERSION = YES;
				CLANG_WARN_INFINITE_RECURSION = YES;
				CLANG_WARN_INT_CONVERSION = YES;
				CLANG_WARN_NON_LITERAL_NULL_CONVERSION = YES;
				CLANG_WARN_OBJC_IMPLICIT_RETAIN_SELF = YES;
				CLANG_WARN_OBJC_LITERAL_CONVERSION = YES;
				CLANG_WARN_OBJC_ROOT_CLASS = YES_ERROR;
				CLANG_WARN_QUOTED_INCLUDE_IN_FRAMEWORK_HEADER = YES;
				CLANG_WARN_RANGE_LOOP_ANALYSIS = YES;
				CLANG_WARN_STRICT_PROTOTYPES = YES;
				CLANG_WARN_SUSPICIOUS_MOVE = YES;
				CLANG_WARN_UNGUARDED_AVAILABILITY = YES_AGGRESSIVE;
				CLANG_WARN_UNREACHABLE_CODE = YES;
				CLANG_WARN__DUPLICATE_METHOD_MATCH = YES;
				COPY_PHASE_STRIP = NO;
				DEBUG_INFORMATION_FORMAT = dwarf;
				ENABLE_STRICT_OBJC_MSGSEND = YES;
				ENABLE_TESTABILITY = YES;
				GCC_C_LANGUAGE_STANDARD = gnu11;
				GCC_DYNAMIC_NO_PIC = NO;
				GCC_NO_COMMON_BLOCKS = YES;
				GCC_OPTIMIZATION_LEVEL = 0;
				GCC_PREPROCESSOR_DEFINITIONS = (
					"DEBUG=1",
					"$(inherited)",
				);
				GCC_WARN_64_TO_32_BIT_CONVERSION = YES;
				GCC_WARN_ABOUT_RETURN_TYPE = YES_ERROR;
				GCC_WARN_UNDECLARED_SELECTOR = YES;
				GCC_WARN_UNINITIALIZED_AUTOS = YES_AGGRESSIVE;
				GCC_WARN_UNUSED_FUNCTION = YES;
				GCC_WARN_UNUSED_VARIABLE = YES;
				IPHONEOS_DEPLOYMENT_TARGET = 15.5;
				MTL_ENABLE_DEBUG_INFO = INCLUDE_SOURCE;
				MTL_FAST_MATH = YES;
				ONLY_ACTIVE_ARCH = YES;
				SDKROOT = iphoneos;
				SWIFT_ACTIVE_COMPILATION_CONDITIONS = DEBUG;
				SWIFT_OPTIMIZATION_LEVEL = "-Onone";
			};
			name = Debug;
		};
		8374A9D1292DC67500E987C6 /* Release */ = {
			isa = XCBuildConfiguration;
			buildSettings = {
				ALWAYS_SEARCH_USER_PATHS = NO;
				CLANG_ANALYZER_NONNULL = YES;
				CLANG_ANALYZER_NUMBER_OBJECT_CONVERSION = YES_AGGRESSIVE;
				CLANG_CXX_LANGUAGE_STANDARD = "gnu++17";
				CLANG_ENABLE_MODULES = YES;
				CLANG_ENABLE_OBJC_ARC = YES;
				CLANG_ENABLE_OBJC_WEAK = YES;
				CLANG_WARN_BLOCK_CAPTURE_AUTORELEASING = YES;
				CLANG_WARN_BOOL_CONVERSION = YES;
				CLANG_WARN_COMMA = YES;
				CLANG_WARN_CONSTANT_CONVERSION = YES;
				CLANG_WARN_DEPRECATED_OBJC_IMPLEMENTATIONS = YES;
				CLANG_WARN_DIRECT_OBJC_ISA_USAGE = YES_ERROR;
				CLANG_WARN_DOCUMENTATION_COMMENTS = YES;
				CLANG_WARN_EMPTY_BODY = YES;
				CLANG_WARN_ENUM_CONVERSION = YES;
				CLANG_WARN_INFINITE_RECURSION = YES;
				CLANG_WARN_INT_CONVERSION = YES;
				CLANG_WARN_NON_LITERAL_NULL_CONVERSION = YES;
				CLANG_WARN_OBJC_IMPLICIT_RETAIN_SELF = YES;
				CLANG_WARN_OBJC_LITERAL_CONVERSION = YES;
				CLANG_WARN_OBJC_ROOT_CLASS = YES_ERROR;
				CLANG_WARN_QUOTED_INCLUDE_IN_FRAMEWORK_HEADER = YES;
				CLANG_WARN_RANGE_LOOP_ANALYSIS = YES;
				CLANG_WARN_STRICT_PROTOTYPES = YES;
				CLANG_WARN_SUSPICIOUS_MOVE = YES;
				CLANG_WARN_UNGUARDED_AVAILABILITY = YES_AGGRESSIVE;
				CLANG_WARN_UNREACHABLE_CODE = YES;
				CLANG_WARN__DUPLICATE_METHOD_MATCH = YES;
				COPY_PHASE_STRIP = NO;
				DEBUG_INFORMATION_FORMAT = "dwarf-with-dsym";
				ENABLE_NS_ASSERTIONS = NO;
				ENABLE_STRICT_OBJC_MSGSEND = YES;
				GCC_C_LANGUAGE_STANDARD = gnu11;
				GCC_NO_COMMON_BLOCKS = YES;
				GCC_WARN_64_TO_32_BIT_CONVERSION = YES;
				GCC_WARN_ABOUT_RETURN_TYPE = YES_ERROR;
				GCC_WARN_UNDECLARED_SELECTOR = YES;
				GCC_WARN_UNINITIALIZED_AUTOS = YES_AGGRESSIVE;
				GCC_WARN_UNUSED_FUNCTION = YES;
				GCC_WARN_UNUSED_VARIABLE = YES;
				IPHONEOS_DEPLOYMENT_TARGET = 15.5;
				MTL_ENABLE_DEBUG_INFO = NO;
				MTL_FAST_MATH = YES;
				SDKROOT = iphoneos;
				SWIFT_COMPILATION_MODE = wholemodule;
				SWIFT_OPTIMIZATION_LEVEL = "-O";
				VALIDATE_PRODUCT = YES;
			};
			name = Release;
		};
		8374A9D3292DC67500E987C6 /* Debug */ = {
			isa = XCBuildConfiguration;
			buildSettings = {
				ASSETCATALOG_COMPILER_APPICON_NAME = AppIcon;
				ASSETCATALOG_COMPILER_GLOBAL_ACCENT_COLOR_NAME = AccentColor;
				CODE_SIGN_STYLE = Automatic;
				CURRENT_PROJECT_VERSION = 1;
				DEVELOPMENT_TEAM = 7V26NB3D3P;
				GENERATE_INFOPLIST_FILE = YES;
				INFOPLIST_FILE = bang/Info.plist;
				INFOPLIST_KEY_UIApplicationSupportsIndirectInputEvents = YES;
				INFOPLIST_KEY_UILaunchStoryboardName = LaunchScreen;
				INFOPLIST_KEY_UIMainStoryboardFile = Main;
				INFOPLIST_KEY_UISupportedInterfaceOrientations_iPad = "UIInterfaceOrientationPortrait UIInterfaceOrientationPortraitUpsideDown UIInterfaceOrientationLandscapeLeft UIInterfaceOrientationLandscapeRight";
				INFOPLIST_KEY_UISupportedInterfaceOrientations_iPhone = "UIInterfaceOrientationPortrait UIInterfaceOrientationLandscapeLeft UIInterfaceOrientationLandscapeRight";
				LD_RUNPATH_SEARCH_PATHS = (
					"$(inherited)",
					"@executable_path/Frameworks",
				);
				MARKETING_VERSION = 1.0;
				PRODUCT_BUNDLE_IDENTIFIER = mx.pinon.rodrigo.bang;
				PRODUCT_NAME = "$(TARGET_NAME)";
				SWIFT_EMIT_LOC_STRINGS = YES;
				SWIFT_VERSION = 5.0;
				TARGETED_DEVICE_FAMILY = "1,2";
			};
			name = Debug;
		};
		8374A9D4292DC67500E987C6 /* Release */ = {
			isa = XCBuildConfiguration;
			buildSettings = {
				ASSETCATALOG_COMPILER_APPICON_NAME = AppIcon;
				ASSETCATALOG_COMPILER_GLOBAL_ACCENT_COLOR_NAME = AccentColor;
				CODE_SIGN_STYLE = Automatic;
				CURRENT_PROJECT_VERSION = 1;
				DEVELOPMENT_TEAM = 7V26NB3D3P;
				GENERATE_INFOPLIST_FILE = YES;
				INFOPLIST_FILE = bang/Info.plist;
				INFOPLIST_KEY_UIApplicationSupportsIndirectInputEvents = YES;
				INFOPLIST_KEY_UILaunchStoryboardName = LaunchScreen;
				INFOPLIST_KEY_UIMainStoryboardFile = Main;
				INFOPLIST_KEY_UISupportedInterfaceOrientations_iPad = "UIInterfaceOrientationPortrait UIInterfaceOrientationPortraitUpsideDown UIInterfaceOrientationLandscapeLeft UIInterfaceOrientationLandscapeRight";
				INFOPLIST_KEY_UISupportedInterfaceOrientations_iPhone = "UIInterfaceOrientationPortrait UIInterfaceOrientationLandscapeLeft UIInterfaceOrientationLandscapeRight";
				LD_RUNPATH_SEARCH_PATHS = (
					"$(inherited)",
					"@executable_path/Frameworks",
				);
				MARKETING_VERSION = 1.0;
				PRODUCT_BUNDLE_IDENTIFIER = mx.pinon.rodrigo.bang;
				PRODUCT_NAME = "$(TARGET_NAME)";
				SWIFT_EMIT_LOC_STRINGS = YES;
				SWIFT_VERSION = 5.0;
				TARGETED_DEVICE_FAMILY = "1,2";
			};
			name = Release;
		};
/* End XCBuildConfiguration section */

/* Begin XCConfigurationList section */
		8374A9B9292DC66D00E987C6 /* Build configuration list for PBXProject "bang" */ = {
			isa = XCConfigurationList;
			buildConfigurations = (
				8374A9D0292DC67500E987C6 /* Debug */,
				8374A9D1292DC67500E987C6 /* Release */,
			);
			defaultConfigurationIsVisible = 0;
			defaultConfigurationName = Release;
		};
		8374A9D2292DC67500E987C6 /* Build configuration list for PBXNativeTarget "bang" */ = {
			isa = XCConfigurationList;
			buildConfigurations = (
				8374A9D3292DC67500E987C6 /* Debug */,
				8374A9D4292DC67500E987C6 /* Release */,
			);
			defaultConfigurationIsVisible = 0;
			defaultConfigurationName = Release;
		};
/* End XCConfigurationList section */
	};
	rootObject = 8374A9B6292DC66D00E987C6 /* Project object */;
}
